// !$*UTF8*$!
{
	archiveVersion = 1;
	classes = {
	};
	objectVersion = 46;
	objects = {

/* Begin PBXBuildFile section */
		B994DE7C1CCF508D006BFCDC /* MaxLenxFormatterAllowInput.m in Sources */ = {isa = PBXBuildFile; fileRef = B994DE7B1CCF508D006BFCDC /* MaxLenxFormatterAllowInput.m */; };
		B994DE7F1CCF7B33006BFCDC /* NegaToRedFormatter.m in Sources */ = {isa = PBXBuildFile; fileRef = B994DE7E1CCF7B33006BFCDC /* NegaToRedFormatter.m */; };
		B994DE821CCFB2F4006BFCDC /* AddUnitFormatter.m in Sources */ = {isa = PBXBuildFile; fileRef = B994DE811CCFB2F4006BFCDC /* AddUnitFormatter.m */; };
		B9F6363A1CCD71D000C86AB2 /* AppDelegate.m in Sources */ = {isa = PBXBuildFile; fileRef = B9F636391CCD71D000C86AB2 /* AppDelegate.m */; };
		B9F6363D1CCD71D000C86AB2 /* main.m in Sources */ = {isa = PBXBuildFile; fileRef = B9F6363C1CCD71D000C86AB2 /* main.m */; };
		B9F6363F1CCD71D000C86AB2 /* Assets.xcassets in Resources */ = {isa = PBXBuildFile; fileRef = B9F6363E1CCD71D000C86AB2 /* Assets.xcassets */; };
		B9F636421CCD71D100C86AB2 /* MainMenu.xib in Resources */ = {isa = PBXBuildFile; fileRef = B9F636401CCD71D100C86AB2 /* MainMenu.xib */; };
		B9F6364B1CCD725800C86AB2 /* MaxLenxFormatter.m in Sources */ = {isa = PBXBuildFile; fileRef = B9F6364A1CCD725800C86AB2 /* MaxLenxFormatter.m */; };
/* End PBXBuildFile section */

/* Begin PBXFileReference section */
		B994DE7A1CCF508D006BFCDC /* MaxLenxFormatterAllowInput.h */ = {isa = PBXFileReference; fileEncoding = 4; lastKnownFileType = sourcecode.c.h; path = MaxLenxFormatterAllowInput.h; sourceTree = "<group>"; };
		B994DE7B1CCF508D006BFCDC /* MaxLenxFormatterAllowInput.m */ = {isa = PBXFileReference; fileEncoding = 4; lastKnownFileType = sourcecode.c.objc; path = MaxLenxFormatterAllowInput.m; sourceTree = "<group>"; };
		B994DE7D1CCF7B33006BFCDC /* NegaToRedFormatter.h */ = {isa = PBXFileReference; fileEncoding = 4; lastKnownFileType = sourcecode.c.h; path = NegaToRedFormatter.h; sourceTree = "<group>"; };
		B994DE7E1CCF7B33006BFCDC /* NegaToRedFormatter.m */ = {isa = PBXFileReference; fileEncoding = 4; lastKnownFileType = sourcecode.c.objc; path = NegaToRedFormatter.m; sourceTree = "<group>"; };
		B994DE801CCFB2F3006BFCDC /* AddUnitFormatter.h */ = {isa = PBXFileReference; fileEncoding = 4; lastKnownFileType = sourcecode.c.h; path = AddUnitFormatter.h; sourceTree = "<group>"; };
		B994DE811CCFB2F4006BFCDC /* AddUnitFormatter.m */ = {isa = PBXFileReference; fileEncoding = 4; lastKnownFileType = sourcecode.c.objc; path = AddUnitFormatter.m; sourceTree = "<group>"; };
		B9F636351CCD71D000C86AB2 /* LimitMaxLengthFormatter.app */ = {isa = PBXFileReference; explicitFileType = wrapper.application; includeInIndex = 0; path = LimitMaxLengthFormatter.app; sourceTree = BUILT_PRODUCTS_DIR; };
		B9F636381CCD71D000C86AB2 /* AppDelegate.h */ = {isa = PBXFileReference; lastKnownFileType = sourcecode.c.h; path = AppDelegate.h; sourceTree = "<group>"; };
		B9F636391CCD71D000C86AB2 /* AppDelegate.m */ = {isa = PBXFileReference; lastKnownFileType = sourcecode.c.objc; path = AppDelegate.m; sourceTree = "<group>"; };
		B9F6363C1CCD71D000C86AB2 /* main.m */ = {isa = PBXFileReference; lastKnownFileType = sourcecode.c.objc; path = main.m; sourceTree = "<group>"; };
		B9F6363E1CCD71D000C86AB2 /* Assets.xcassets */ = {isa = PBXFileReference; lastKnownFileType = folder.assetcatalog; path = Assets.xcassets; sourceTree = "<group>"; };
		B9F636411CCD71D100C86AB2 /* Base */ = {isa = PBXFileReference; lastKnownFileType = file.xib; name = Base; path = Base.lproj/MainMenu.xib; sourceTree = "<group>"; };
		B9F636431CCD71D100C86AB2 /* Info.plist */ = {isa = PBXFileReference; lastKnownFileType = text.plist.xml; path = Info.plist; sourceTree = "<group>"; };
		B9F636491CCD725800C86AB2 /* MaxLenxFormatter.h */ = {isa = PBXFileReference; fileEncoding = 4; lastKnownFileType = sourcecode.c.h; path = MaxLenxFormatter.h; sourceTree = "<group>"; };
		B9F6364A1CCD725800C86AB2 /* MaxLenxFormatter.m */ = {isa = PBXFileReference; fileEncoding = 4; lastKnownFileType = sourcecode.c.objc; path = MaxLenxFormatter.m; sourceTree = "<group>"; };
/* End PBXFileReference section */

/* Begin PBXFrameworksBuildPhase section */
		B9F636321CCD71D000C86AB2 /* Frameworks */ = {
			isa = PBXFrameworksBuildPhase;
			buildActionMask = 2147483647;
			files = (
			);
			runOnlyForDeploymentPostprocessing = 0;
		};
/* End PBXFrameworksBuildPhase section */

/* Begin PBXGroup section */
		B9F6362C1CCD71D000C86AB2 = {
			isa = PBXGroup;
			children = (
				B9F636371CCD71D000C86AB2 /* LimitMaxLengthFormatter */,
				B9F636361CCD71D000C86AB2 /* Products */,
			);
			sourceTree = "<group>";
		};
		B9F636361CCD71D000C86AB2 /* Products */ = {
			isa = PBXGroup;
			children = (
				B9F636351CCD71D000C86AB2 /* LimitMaxLengthFormatter.app */,
			);
			name = Products;
			sourceTree = "<group>";
		};
		B9F636371CCD71D000C86AB2 /* LimitMaxLengthFormatter */ = {
			isa = PBXGroup;
			children = (
				B9F636381CCD71D000C86AB2 /* AppDelegate.h */,
				B9F636391CCD71D000C86AB2 /* AppDelegate.m */,
				B9F636491CCD725800C86AB2 /* MaxLenxFormatter.h */,
				B9F6364A1CCD725800C86AB2 /* MaxLenxFormatter.m */,
				B994DE7A1CCF508D006BFCDC /* MaxLenxFormatterAllowInput.h */,
				B994DE7B1CCF508D006BFCDC /* MaxLenxFormatterAllowInput.m */,
				B994DE7D1CCF7B33006BFCDC /* NegaToRedFormatter.h */,
				B994DE7E1CCF7B33006BFCDC /* NegaToRedFormatter.m */,
				B994DE801CCFB2F3006BFCDC /* AddUnitFormatter.h */,
				B994DE811CCFB2F4006BFCDC /* AddUnitFormatter.m */,
				B9F6363E1CCD71D000C86AB2 /* Assets.xcassets */,
				B9F636401CCD71D100C86AB2 /* MainMenu.xib */,
				B9F636431CCD71D100C86AB2 /* Info.plist */,
				B9F6363B1CCD71D000C86AB2 /* Supporting Files */,
			);
			path = LimitMaxLengthFormatter;
			sourceTree = "<group>";
		};
		B9F6363B1CCD71D000C86AB2 /* Supporting Files */ = {
			isa = PBXGroup;
			children = (
				B9F6363C1CCD71D000C86AB2 /* main.m */,
			);
			name = "Supporting Files";
			sourceTree = "<group>";
		};
/* End PBXGroup section */

/* Begin PBXNativeTarget section */
		B9F636341CCD71D000C86AB2 /* LimitMaxLengthFormatter */ = {
			isa = PBXNativeTarget;
			buildConfigurationList = B9F636461CCD71D100C86AB2 /* Build configuration list for PBXNativeTarget "LimitMaxLengthFormatter" */;
			buildPhases = (
				B9F636311CCD71D000C86AB2 /* Sources */,
				B9F636321CCD71D000C86AB2 /* Frameworks */,
				B9F636331CCD71D000C86AB2 /* Resources */,
			);
			buildRules = (
			);
			dependencies = (
			);
			name = LimitMaxLengthFormatter;
			productName = LimitMaxLengthFormatter;
			productReference = B9F636351CCD71D000C86AB2 /* LimitMaxLengthFormatter.app */;
			productType = "com.apple.product-type.application";
		};
/* End PBXNativeTarget section */

/* Begin PBXProject section */
		B9F6362D1CCD71D000C86AB2 /* Project object */ = {
			isa = PBXProject;
			attributes = {
				LastUpgradeCheck = 0730;
				ORGANIZATIONNAME = "河野 さおり";
				TargetAttributes = {
					B9F636341CCD71D000C86AB2 = {
						CreatedOnToolsVersion = 7.3;
					};
				};
			};
			buildConfigurationList = B9F636301CCD71D000C86AB2 /* Build configuration list for PBXProject "LimitMaxLengthFormatter" */;
			compatibilityVersion = "Xcode 3.2";
			developmentRegion = English;
			hasScannedForEncodings = 0;
			knownRegions = (
				en,
				Base,
			);
			mainGroup = B9F6362C1CCD71D000C86AB2;
			productRefGroup = B9F636361CCD71D000C86AB2 /* Products */;
			projectDirPath = "";
			projectRoot = "";
			targets = (
				B9F636341CCD71D000C86AB2 /* LimitMaxLengthFormatter */,
			);
		};
/* End PBXProject section */

/* Begin PBXResourcesBuildPhase section */
		B9F636331CCD71D000C86AB2 /* Resources */ = {
			isa = PBXResourcesBuildPhase;
			buildActionMask = 2147483647;
			files = (
				B9F6363F1CCD71D000C86AB2 /* Assets.xcassets in Resources */,
				B9F636421CCD71D100C86AB2 /* MainMenu.xib in Resources */,
			);
			runOnlyForDeploymentPostprocessing = 0;
		};
/* End PBXResourcesBuildPhase section */

/* Begin PBXSourcesBuildPhase section */
		B9F636311CCD71D000C86AB2 /* Sources */ = {
			isa = PBXSourcesBuildPhase;
			buildActionMask = 2147483647;
			files = (
				B994DE7F1CCF7B33006BFCDC /* NegaToRedFormatter.m in Sources */,
				B994DE821CCFB2F4006BFCDC /* AddUnitFormatter.m in Sources */,
				B9F6363D1CCD71D000C86AB2 /* main.m in Sources */,
				B9F6363A1CCD71D000C86AB2 /* AppDelegate.m in Sources */,
				B9F6364B1CCD725800C86AB2 /* MaxLenxFormatter.m in Sources */,
				B994DE7C1CCF508D006BFCDC /* MaxLenxFormatterAllowInput.m in Sources */,
			);
			runOnlyForDeploymentPostprocessing = 0;
		};
/* End PBXSourcesBuildPhase section */

/* Begin PBXVariantGroup section */
		B9F636401CCD71D100C86AB2 /* MainMenu.xib */ = {
			isa = PBXVariantGroup;
			children = (
				B9F636411CCD71D100C86AB2 /* Base */,
			);
			name = MainMenu.xib;
			sourceTree = "<group>";
		};
/* End PBXVariantGroup section */

/* Begin XCBuildConfiguration section */
		B9F636441CCD71D100C86AB2 /* Debug */ = {
			isa = XCBuildConfiguration;
			buildSettings = {
				ALWAYS_SEARCH_USER_PATHS = NO;
				CLANG_ANALYZER_NONNULL = YES;
				CLANG_CXX_LANGUAGE_STANDARD = "gnu++0x";
				CLANG_CXX_LIBRARY = "libc++";
				CLANG_ENABLE_MODULES = YES;
				CLANG_ENABLE_OBJC_ARC = YES;
				CLANG_WARN_BOOL_CONVERSION = YES;
				CLANG_WARN_CONSTANT_CONVERSION = YES;
				CLANG_WARN_DIRECT_OBJC_ISA_USAGE = YES_ERROR;
				CLANG_WARN_EMPTY_BODY = YES;
				CLANG_WARN_ENUM_CONVERSION = YES;
				CLANG_WARN_INT_CONVERSION = YES;
				CLANG_WARN_OBJC_ROOT_CLASS = YES_ERROR;
				CLANG_WARN_UNREACHABLE_CODE = YES;
				CLANG_WARN__DUPLICATE_METHOD_MATCH = YES;
				CODE_SIGN_IDENTITY = "-";
				COPY_PHASE_STRIP = NO;
				DEBUG_INFORMATION_FORMAT = dwarf;
				ENABLE_STRICT_OBJC_MSGSEND = YES;
				ENABLE_TESTABILITY = YES;
				GCC_C_LANGUAGE_STANDARD = gnu99;
				GCC_DYNAMIC_NO_PIC = NO;
				GCC_NO_COMMON_BLOCKS = YES;
				GCC_OPTIMIZATION_LEVEL = 0;
				GCC_PREPROCESSOR_DEFINITIONS = (
					"DEBUG=1",
					"$(inherited)",
				);
				GCC_WARN_64_TO_32_BIT_CONVERSION = YES;
				GCC_WARN_ABOUT_RETURN_TYPE = YES_ERROR;
				GCC_WARN_UNDECLARED_SELECTOR = YES;
				GCC_WARN_UNINITIALIZED_AUTOS = YES_AGGRESSIVE;
				GCC_WARN_UNUSED_FUNCTION = YES;
				GCC_WARN_UNUSED_VARIABLE = YES;
				MACOSX_DEPLOYMENT_TARGET = 10.9;
				MTL_ENABLE_DEBUG_INFO = YES;
				ONLY_ACTIVE_ARCH = YES;
				SDKROOT = macosx;
			};
			name = Debug;
		};
		B9F636451CCD71D100C86AB2 /* Release */ = {
			isa = XCBuildConfiguration;
			buildSettings = {
				ALWAYS_SEARCH_USER_PATHS = NO;
				CLANG_ANALYZER_NONNULL = YES;
				CLANG_CXX_LANGUAGE_STANDARD = "gnu++0x";
				CLANG_CXX_LIBRARY = "libc++";
				CLANG_ENABLE_MODULES = YES;
				CLANG_ENABLE_OBJC_ARC = YES;
				CLANG_WARN_BOOL_CONVERSION = YES;
				CLANG_WARN_CONSTANT_CONVERSION = YES;
				CLANG_WARN_DIRECT_OBJC_ISA_USAGE = YES_ERROR;
				CLANG_WARN_EMPTY_BODY = YES;
				CLANG_WARN_ENUM_CONVERSION = YES;
				CLANG_WARN_INT_CONVERSION = YES;
				CLANG_WARN_OBJC_ROOT_CLASS = YES_ERROR;
				CLANG_WARN_UNREACHABLE_CODE = YES;
				CLANG_WARN__DUPLICATE_METHOD_MATCH = YES;
				CODE_SIGN_IDENTITY = "-";
				COPY_PHASE_STRIP = NO;
				DEBUG_INFORMATION_FORMAT = "dwarf-with-dsym";
				ENABLE_NS_ASSERTIONS = NO;
				ENABLE_STRICT_OBJC_MSGSEND = YES;
				GCC_C_LANGUAGE_STANDARD = gnu99;
				GCC_NO_COMMON_BLOCKS = YES;
				GCC_WARN_64_TO_32_BIT_CONVERSION = YES;
				GCC_WARN_ABOUT_RETURN_TYPE = YES_ERROR;
				GCC_WARN_UNDECLARED_SELECTOR = YES;
				GCC_WARN_UNINITIALIZED_AUTOS = YES_AGGRESSIVE;
				GCC_WARN_UNUSED_FUNCTION = YES;
				GCC_WARN_UNUSED_VARIABLE = YES;
				MACOSX_DEPLOYMENT_TARGET = 10.9;
				MTL_ENABLE_DEBUG_INFO = NO;
				SDKROOT = macosx;
			};
			name = Release;
		};
		B9F636471CCD71D100C86AB2 /* Debug */ = {
			isa = XCBuildConfiguration;
			buildSettings = {
				ASSETCATALOG_COMPILER_APPICON_NAME = AppIcon;
				COMBINE_HIDPI_IMAGES = YES;
				INFOPLIST_FILE = LimitMaxLengthFormatter/Info.plist;
				LD_RUNPATH_SEARCH_PATHS = "$(inherited) @executable_path/../Frameworks";
				MACOSX_DEPLOYMENT_TARGET = 10.9;
				PRODUCT_BUNDLE_IDENTIFIER = com.Sao.LimitMaxLengthFormatter;
				PRODUCT_NAME = "$(TARGET_NAME)";
			};
			name = Debug;
		};
		B9F636481CCD71D100C86AB2 /* Release */ = {
			isa = XCBuildConfiguration;
			buildSettings = {
				ASSETCATALOG_COMPILER_APPICON_NAME = AppIcon;
				COMBINE_HIDPI_IMAGES = YES;
				INFOPLIST_FILE = LimitMaxLengthFormatter/Info.plist;
				LD_RUNPATH_SEARCH_PATHS = "$(inherited) @executable_path/../Frameworks";
				MACOSX_DEPLOYMENT_TARGET = 10.9;
				PRODUCT_BUNDLE_IDENTIFIER = com.Sao.LimitMaxLengthFormatter;
				PRODUCT_NAME = "$(TARGET_NAME)";
			};
			name = Release;
		};
/* End XCBuildConfiguration section */

/* Begin XCConfigurationList section */
		B9F636301CCD71D000C86AB2 /* Build configuration list for PBXProject "LimitMaxLengthFormatter" */ = {
			isa = XCConfigurationList;
			buildConfigurations = (
				B9F636441CCD71D100C86AB2 /* Debug */,
				B9F636451CCD71D100C86AB2 /* Release */,
			);
			defaultConfigurationIsVisible = 0;
			defaultConfigurationName = Release;
		};
		B9F636461CCD71D100C86AB2 /* Build configuration list for PBXNativeTarget "LimitMaxLengthFormatter" */ = {
			isa = XCConfigurationList;
			buildConfigurations = (
				B9F636471CCD71D100C86AB2 /* Debug */,
				B9F636481CCD71D100C86AB2 /* Release */,
			);
			defaultConfigurationIsVisible = 0;
			defaultConfigurationName = Release;
		};
/* End XCConfigurationList section */
	};
	rootObject = B9F6362D1CCD71D000C86AB2 /* Project object */;
}
